#
# This file is autogenerated by pip-compile with Python 3.12
# by the following command:
#
#    pip-compile --generate-hashes --no-index --output-file=requirements.lock requirements.txt
#
alembic==1.18.1 \
    --hash=sha256:0000000000000000000000000000000000000000000000000000000000000000 \
    --hash=sha256:0000000000000000000000000000000000000000000000000000000000000000
    # via -r requirements.txt
annotated-doc==0.0.5 \
    --hash=sha256:0000000000000000000000000000000000000000000000000000000000000000 \
    --hash=sha256:0000000000000000000000000000000000000000000000000000000000000000
    # via fastapi
annotated-types==0.8.0 \
    --hash=sha256:0000000000000000000000000000000000000000000000000000000000000000 \
    --hash=sha256:0000000000000000000000000000000000000000000000000000000000000000
    # via pydantic
anyio==4.15.1 \
    --hash=sha256:0000000000000000000000000000000000000000000000000000000000000000 \
    --hash=sha256:0000000000000000000000000000000000000000000000000000000000000000
    # via starlette
click==8.5.0 \
    --hash=sha256:0000000000000000000000000000000000000000000000000000000000000000 \
    --hash=sha256:0000000000000000000000000000000000000000000000000000000000000000
    # via uvicorn
fastapi==0.142.0 \
    --hash=sha256:0000000000000000000000000000000000000000000000000000000000000000 \
    --hash=sha256:0000000000000000000000000000000000000000000000000000000000000000
    # via -r requirements.txt
h11==0.16.0 \
    --hash=sha256:0000000000000000000000000000000000000000000000000000000000000000 \
    --hash=sha256:0000000000000000000000000000000000000000000000000000000000000000
    # via uvicorn
idna==3.20 \
    --hash=sha256:0000000000000000000000000000000000000000000000000000000000000000 \
    --hash=sha256:0000000000000000000000000000000000000000000000000000000000000000
    # via anyio
mako==1.4.3 \
    --hash=sha256:0000000000000000000000000000000000000000000000000000000000000000 \
    --hash=sha256:0000000000000000000000000000000000000000000000000000000000000000
    # via alembic
markupsafe==3.0.4 \
    --hash=sha256:0000000000000000000000000000000000000000000000000000000000000000 \
    --hash=sha256:0000000000000000000000000000000000000000000000000000000000000000 \
    --hash=sha256:0000000000000000000000000000000000000000000000000000000000000000 \
    --hash=sha256:0000000000000000000000000000000000000000000000000000000000000000 \
    --hash=sha256:0000000000000000000000000000000000000000000000000000000000000000 \
    --hash=sha256:0000000000000000000000000000000000000000000000000000000000000000 \
    --hash=sha256:0000000000000000000000000000000000000000000000000000000000000000 \
    --hash=sha256:0000000000000000000000000000000000000000000000000000000000000000 \
    --hash=sha256:0000000000000000000000000000000000000000000000000000000000000000 \
    --hash=sha256:0000000000000000000000000000000000000000000000000000000000000000 \
    --hash=sha256:0000000000000000000000000000000000000000000000000000000000000000 \
    --hash=sha256:0000000000000000000000000000000000000000000000000000000000000000 \
    --hash=sha256:0000000000000000000000000000000000000000000000000000000000000000 \
    --hash=sha256:0000000000000000000000000000000000000000000000000000000000000000 \
    --hash=sha256:0000000000000000000000000000000000000000000000000000000000000000 \
    --hash=sha256:0000000000000000000000000000000000000000000000000000000000000000 \
    --hash=sha256:0000000000000000000000000000000000000000000000000000000000000000 \
    --hash=sha256:0000000000000000000000000000000000000000000000000000000000000000 \
    --hash=sha256:0000000000000000000000000000000000000000000000000000000000000000 \
    --hash=sha256:0000000000000000000000000000000000000000000000000000000000000000 \
    --hash=sha256:0000000000000000000000000000000000000000000000000000000000000000 \
    --hash=sha256:0000000000000000000000000000000000000000000000000000000000000000 \
    --hash=sha256:0000000000000000000000000000000000000000000000000000000000000000 \
    --hash=sha256:0000000000000000000000000000000000000000000000000000000000000000 \
    --hash=sha256:0000000000000000000000000000000000000000000000000000000000000000 \
    --hash=sha256:0000000000000000000000000000000000000000000000000000000000000000 \
    --hash=sha256:0000000000000000000000000000000000000000000000000000000000000000 \
    --hash=sha256:0000000000000000000000000000000000000000000000000000000000000000 \
    --hash=sha256:0000000000000000000000000000000000000000000000000000000000000000 \
    --hash=sha256:0000000000000000000000000000000000000000000000000000000000000000 \
    --hash=sha256:0000000000000000000000000000000000000000000000000000000000000000 \
    --hash=sha256:0000000000000000000000000000000000000000000000000000000000000000 \
    --hash=sha256:0000000000000000000000000000000000000000000000000000000000000000 \
    --hash=sha256:0000000000000000000000000000000000000000000000000000000000000000 \
    --hash=sha256:0000000000000000000000000000000000000000000000000000000000000000 \
    --hash=sha256:0000000000000000000000000000000000000000000000000000000000000000 \
    --hash=sha256:0000000000000000000000000000000000000000000000000000000000000000 \
    --hash=sha256:0000000000000000000000000000000000000000000000000000000000000000 \
    --hash=sha256:0000000000000000000000000000000000000000000000000000000000000000 \
    --hash=sha256:0000000000000000000000000000000000000000000000000000000000000000 \
    --hash=sha256:0000000000000000000000000000000000000000000000000000000000000000 \
    --hash=sha256:0000000000000000000000000000000000000000000000000000000000000000 \
    --hash=sha256:0000000000000000000000000000000000000000000000000000000000000000 \
    --hash=sha256:0000000000000000000000000000000000000000000000000000000000000000 \
    --hash=sha256:0000000000000000000000000000000000000000000000000000000000000000 \
    --hash=sha256:0000000000000000000000000000000000000000000000000000000000000000 \
    --hash=sha256:0000000000000000000000000000000000000000000000000000000000000000 \
    --hash=sha256:0000000000000000000000000000000000000000000000000000000000000000 \
    --hash=sha256:0000000000000000000000000000000000000000000000000000000000000000 \
    --hash=sha256:0000000000000000000000000000000000000000000000000000000000000000 \
    --hash=sha256:0000000000000000000000000000000000000000000000000000000000000000 \
    --hash=sha256:0000000000000000000000000000000000000000000000000000000000000000 \
    --hash=sha256:0000000000000000000000000000000000000000000000000000000000000000 \
    --hash=sha256:0000000000000000000000000000000000000000000000000000000000000000 \
    --hash=sha256:0000000000000000000000000000000000000000000000000000000000000000 \
    --hash=sha256:0000000000000000000000000000000000000000000000000000000000000000 \
    --hash=sha256:0000000000000000000000000000000000000000000000000000000000000000 \
    --hash=sha256:0000000000000000000000000000000000000000000000000000000000000000 \
    --hash=sha256:0000000000000000000000000000000000000000000000000000000000000000 \
    --hash=sha256:0000000000000000000000000000000000000000000000000000000000000000 \
    --hash=sha256:0000000000000000000000000000000000000000000000000000000000000000 \
    --hash=sha256:0000000000000000000000000000000000000000000000000000000000000000 \
    --hash=sha256:0000000000000000000000000000000000000000000000000000000000000000 \
    --hash=sha256:0000000000000000000000000000000000000000000000000000000000000000 \
    --hash=sha256:0000000000000000000000000000000000000000000000000000000000000000 \
    --hash=sha256:0000000000000000000000000000000000000000000000000000000000000000 \
    --hash=sha256:0000000000000000000000000000000000000000000000000000000000000000 \
    --hash=sha256:0000000000000000000000000000000000000000000000000000000000000000 \
    --hash=sha256:0000000000000000000000000000000000000000000000000000000000000000 \
    --hash=sha256:0000000000000000000000000000000000000000000000000000000000000000 \
    --hash=sha256:0000000000000000000000000000000000000000000000000000000000000000 \
    --hash=sha256:0000000000000000000000000000000000000000000000000000000000000000 \
    --hash=sha256:0000000000000000000000000000000000000000000000000000000000000000 \
    --hash=sha256:0000000000000000000000000000000000000000000000000000000000000000 \
    --hash=sha256:0000000000000000000000000000000000000000000000000000000000000000 \
    --hash=sha256:0000000000000000000000000000000000000000000000000000000000000000 \
    --hash=sha256:0000000000000000000000000000000000000000000000000000000000000000 \
    --hash=sha256:0000000000000000000000000000000000000000000000000000000000000000 \
    --hash=sha256:0000000000000000000000000000000000000000000000000000000000000000 \
    --hash=sha256:0000000000000000000000000000000000000000000000000000000000000000 \
    --hash=sha256:0000000000000000000000000000000000000000000000000000000000000000 \
    --hash=sha256:0000000000000000000000000000000000000000000000000000000000000000 \
    --hash=sha256:0000000000000000000000000000000000000000000000000000000000000000 \
    --hash=sha256:0000000000000000000000000000000000000000000000000000000000000000 \
    --hash=sha256:0000000000000000000000000000000000000000000000000000000000000000 \
    --hash=sha256:0000000000000000000000000000000000000000000000000000000000000000 \
    --hash=sha256:0000000000000000000000000000000000000000000000000000000000000000 \
    --hash=sha256:0000000000000000000000000000000000000000000000000000000000000000 \
    --hash=sha256:0000000000000000000000000000000000000000000000000000000000000000 \
    --hash=sha256:0000000000000000000000000000000000000000000000000000000000000000 \
    --hash=sha256:0000000000000000000000000000000000000000000000000000000000000000 \
    --hash=sha256:0000000000000000000000000000000000000000000000000000000000000000 \
    --hash=sha256:0000000000000000000000000000000000000000000000000000000000000000 \
    --hash=sha256:0000000000000000000000000000000000000000000000000000000000000000 \
    --hash=sha256:0000000000000000000000000000000000000000000000000000000000000000 \
    --hash=sha256:0000000000000000000000000000000000000000000000000000000000000000 \
    --hash=sha256:0000000000000000000000000000000000000000000000000000000000000000 \
    --hash=sha256:0000000000000000000000000000000000000000000000000000000000000000 \
    --hash=sha256:0000000000000000000000000000000000000000000000000000000000000000 \
    --hash=sha256:0000000000000000000000000000000000000000000000000000000000000000 \
    --hash=sha256:0000000000000000000000000000000000000000000000000000000000000000 \
    --hash=sha256:0000000000000000000000000000000000000000000000000000000000000000 \
    --hash=sha256:0000000000000000000000000000000000000000000000000000000000000000 \
    --hash=sha256:0000000000000000000000000000000000000000000000000000000000000000 \
    --hash=sha256:0000000000000000000000000000000000000000000000000000000000000000 \
    --hash=sha256:0000000000000000000000000000000000000000000000000000000000000000 \
    --hash=sha256:0000000000000000000000000000000000000000000000000000000000000000 \
    --hash=sha256:0000000000000000000000000000000000000000000000000000000000000000 \
    --hash=sha256:0000000000000000000000000000000000000000000000000000000000000000 \
    --hash=sha256:0000000000000000000000000000000000000000000000000000000000000000 \
    --hash=sha256:0000000000000000000000000000000000000000000000000000000000000000 \
    --hash=sha256:0000000000000000000000000000000000000000000000000000000000000000 \
    --hash=sha256:0000000000000000000000000000000000000000000000000000000000000000 \
    --hash=sha256:0000000000000000000000000000000000000000000000000000000000000000 \
    --hash=sha256:0000000000000000000000000000000000000000000000000000000000000000 \
    --hash=sha256:0000000000000000000000000000000000000000000000000000000000000000 \
    --hash=sha256:0000000000000000000000000000000000000000000000000000000000000000 \
    --hash=sha256:0000000000000000000000000000000000000000000000000000000000000000 \
    --hash=sha256:0000000000000000000000000000000000000000000000000000000000000000 \
    --hash=sha256:0000000000000000000000000000000000000000000000000000000000000000 \
    --hash=sha256:0000000000000000000000000000000000000000000000000000000000000000 \
    --hash=sha256:0000000000000000000000000000000000000000000000000000000000000000 \
    --hash=sha256:0000000000000000000000000000000000000000000000000000000000000000 \
    --hash=sha256:0000000000000000000000000000000000000000000000000000000000000000 \
    --hash=sha256:0000000000000000000000000000000000000000000000000000000000000000 \
    --hash=sha256:0000000000000000000000000000000000000000000000000000000000000000 \
    --hash=sha256:0000000000000000000000000000000000000000000000000000000000000000 \
    --hash=sha256:0000000000000000000000000000000000000000000000000000000000000000 \
    --hash=sha256:0000000000000000000000000000000000000000000000000000000000000000 \
    --hash=sha256:0000000000000000000000000000000000000000000000000000000000000000 \
    --hash=sha256:0000000000000000000000000000000000000000000000000000000000000000 \
    --hash=sha256:0000000000000000000000000000000000000000000000000000000000000000 \
    --hash=sha256:0000000000000000000000000000000000000000000000000000000000000000 \
    --hash=sha256:0000000000000000000000000000000000000000000000000000000000000000 \
    --hash=sha256:0000000000000000000000000000000000000000000000000000000000000000 \
    --hash=sha256:0000000000000000000000000000000000000000000000000000000000000000 \
    --hash=sha256:0000000000000000000000000000000000000000000000000000000000000000 \
    --hash=sha256:0000000000000000000000000000000000000000000000000000000000000000 \
    --hash=sha256:0000000000000000000000000000000000000000000000000000000000000000 \
    --hash=sha256:0000000000000000000000000000000000000000000000000000000000000000 \
    --hash=sha256:0000000000000000000000000000000000000000000000000000000000000000 \
    --hash=sha256:0000000000000000000000000000000000000000000000000000000000000000 \
    --hash=sha256:0000000000000000000000000000000000000000000000000000000000000000 \
    --hash=sha256:0000000000000000000000000000000000000000000000000000000000000000 \
    --hash=sha256:0000000000000000000000000000000000000000000000000000000000000000 \
    --hash=sha256:0000000000000000000000000000000000000000000000000000000000000000 \
    --hash=sha256:0000000000000000000000000000000000000000000000000000000000000000 \
    --hash=sha256:0000000000000000000000000000000000000000000000000000000000000000 \
    --hash=sha256:0000000000000000000000000000000000000000000000000000000000000000 \
    --hash=sha256:0000000000000000000000000000000000000000000000000000000000000000 \
    --hash=sha256:0000000000000000000000000000000000000000000000000000000000000000
    # via mako
opentelemetry-api==1.45.1 \
    --hash=sha256:0000000000000000000000000000000000000000000000000000000000000000 \
    --hash=sha256:0000000000000000000000000000000000000000000000000000000000000000
    # via fastapi
prometheus-client==0.23.1 \
    --hash=sha256:0000000000000000000000000000000000000000000000000000000000000000 \
    --hash=sha256:0000000000000000000000000000000000000000000000000000000000000000
    # via -r requirements.txt
psycopg[binary]==3.3.6 \
    --hash=sha256:0000000000000000000000000000000000000000000000000000000000000000 \
    --hash=sha256:0000000000000000000000000000000000000000000000000000000000000000
    # via -r requirements.txt
psycopg-binary==3.3.6 \
    --hash=sha256:0000000000000000000000000000000000000000000000000000000000000000 \
    --hash=sha256:0000000000000000000000000000000000000000000000000000000000000000 \
    --hash=sha256:0000000000000000000000000000000000000000000000000000000000000000 \
    --hash=sha256:0000000000000000000000000000000000000000000000000000000000000000 \
    --hash=sha256:0000000000000000000000000000000000000000000000000000000000000000 \
    --hash=sha256:0000000000000000000000000000000000000000000000000000000000000000 \
    --hash=sha256:0000000000000000000000000000000000000000000000000000000000000000 \
    --hash=sha256:0000000000000000000000000000000000000000000000000000000000000000 \
    --hash=sha256:0000000000000000000000000000000000000000000000000000000000000000 \
    --hash=sha256:0000000000000000000000000000000000000000000000000000000000000000 \
    --hash=sha256:0000000000000000000000000000000000000000000000000000000000000000 \
    --hash=sha256:0000000000000000000000000000000000000000000000000000000000000000 \
    --hash=sha256:0000000000000000000000000000000000000000000000000000000000000000 \
    --hash=sha256:0000000000000000000000000000000000000000000000000000000000000000 \
    --hash=sha256:0000000000000000000000000000000000000000000000000000000000000000 \
    --hash=sha256:0000000000000000000000000000000000000000000000000000000000000000 \
    --hash=sha256:0000000000000000000000000000000000000000000000000000000000000000 \
    --hash=sha256:0000000000000000000000000000000000000000000000000000000000000000 \
    --hash=sha256:0000000000000000000000000000000000000000000000000000000000000000 \
    --hash=sha256:0000000000000000000000000000000000000000000000000000000000000000 \
    --hash=sha256:0000000000000000000000000000000000000000000000000000000000000000 \
    --hash=sha256:0000000000000000000000000000000000000000000000000000000000000000 \
    --hash=sha256:0000000000000000000000000000000000000000000000000000000000000000 \
    --hash=sha256:0000000000000000000000000000000000000000000000000000000000000000 \
    --hash=sha256:0000000000000000000000000000000000000000000000000000000000000000 \
    --hash=sha256:0000000000000000000000000000000000000000000000000000000000000000 \
    --hash=sha256:0000000000000000000000000000000000000000000000000000000000000000 \
    --hash=sha256:0000000000000000000000000000000000000000000000000000000000000000 \
    --hash=sha256:0000000000000000000000000000000000000000000000000000000000000000 \
    --hash=sha256:0000000000000000000000000000000000000000000000000000000000000000 \
    --hash=sha256:0000000000000000000000000000000000000000000000000000000000000000 \
    --hash=sha256:0000000000000000000000000000000000000000000000000000000000000000 \
    --hash=sha256:0000000000000000000000000000000000000000000000000000000000000000 \
    --hash=sha256:0000000000000000000000000000000000000000000000000000000000000000 \
    --hash=sha256:0000000000000000000000000000000000000000000000000000000000000000 \
    --hash=sha256:0000000000000000000000000000000000000000000000000000000000000000 \
    --hash=sha256:0000000000000000000000000000000000000000000000000000000000000000 \
    --hash=sha256:0000000000000000000000000000000000000000000000000000000000000000 \
    --hash=sha256:0000000000000000000000000000000000000000000000000000000000000000 \
    --hash=sha256:0000000000000000000000000000000000000000000000000000000000000000 \
    --hash=sha256:0000000000000000000000000000000000000000000000000000000000000000 \
    --hash=sha256:0000000000000000000000000000000000000000000000000000000000000000 \
    --hash=sha256:0000000000000000000000000000000000000000000000000000000000000000 \
    --hash=sha256:0000000000000000000000000000000000000000000000000000000000000000 \
    --hash=sha256:0000000000000000000000000000000000000000000000000000000000000000 \
    --hash=sha256:0000000000000000000000000000000000000000000000000000000000000000 \
    --hash=sha256:0000000000000000000000000000000000000000000000000000000000000000 \
    --hash=sha256:0000000000000000000000000000000000000000000000000000000000000000 \
    --hash=sha256:0000000000000000000000000000000000000000000000000000000000000000 \
    --hash=sha256:0000000000000000000000000000000000000000000000000000000000000000 \
    --hash=sha256:0000000000000000000000000000000000000000000000000000000000000000 \
    --hash=sha256:0000000000000000000000000000000000000000000000000000000000000000 \
    --hash=sha256:0000000000000000000000000000000000000000000000000000000000000000 \
    --hash=sha256:0000000000000000000000000000000000000000000000000000000000000000 \
    --hash=sha256:0000000000000000000000000000000000000000000000000000000000000000 \
    --hash=sha256:0000000000000000000000000000000000000000000000000000000000000000 \
    --hash=sha256:0000000000000000000000000000000000000000000000000000000000000000 \
    --hash=sha256:0000000000000000000000000000000000000000000000000000000000000000 \
    --hash=sha256:0000000000000000000000000000000000000000000000000000000000000000 \
    --hash=sha256:0000000000000000000000000000000000000000000000000000000000000000 \
    --hash=sha256:0000000000000000000000000000000000000000000000000000000000000000 \
    --hash=sha256:0000000000000000000000000000000000000000000000000000000000000000 \
    --hash=sha256:0000000000000000000000000000000000000000000000000000000000000000 \
    --hash=sha256:0000000000000000000000000000000000000000000000000000000000000000 \
    --hash=sha256:0000000000000000000000000000000000000000000000000000000000000000 \
    --hash=sha256:0000000000000000000000000000000000000000000000000000000000000000
    # via psycopg
pydantic==2.14.0 \
    --hash=sha256:0000000000000000000000000000000000000000000000000000000000000000 \
    --hash=sha256:0000000000000000000000000000000000000000000000000000000000000000
    # via fastapi
pydantic-core==2.50.0 \
    --hash=sha256:0000000000000000000000000000000000000000000000000000000000000000 \
    --hash=sha256:0000000000000000000000000000000000000000000000000000000000000000 \
    --hash=sha256:0000000000000000000000000000000000000000000000000000000000000000 \
    --hash=sha256:0000000000000000000000000000000000000000000000000000000000000000 \
    --hash=sha256:0000000000000000000000000000000000000000000000000000000000000000 \
    --hash=sha256:0000000000000000000000000000000000000000000000000000000000000000 \
    --hash=sha256:0000000000000000000000000000000000000000000000000000000000000000 \
    --hash=sha256:0000000000000000000000000000000000000000000000000000000000000000 \
    --hash=sha256:0000000000000000000000000000000000000000000000000000000000000000 \
    --hash=sha256:0000000000000000000000000000000000000000000000000000000000000000 \
    --hash=sha256:0000000000000000000000000000000000000000000000000000000000000000 \
    --hash=sha256:0000000000000000000000000000000000000000000000000000000000000000 \
    --hash=sha256:0000000000000000000000000000000000000000000000000000000000000000 \
    --hash=sha256:0000000000000000000000000000000000000000000000000000000000000000 \
    --hash=sha256:0000000000000000000000000000000000000000000000000000000000000000 \
    --hash=sha256:0000000000000000000000000000000000000000000000000000000000000000 \
    --hash=sha256:0000000000000000000000000000000000000000000000000000000000000000 \
    --hash=sha256:0000000000000000000000000000000000000000000000000000000000000000 \
    --hash=sha256:0000000000000000000000000000000000000000000000000000000000000000 \
    --hash=sha256:0000000000000000000000000000000000000000000000000000000000000000 \
    --hash=sha256:0000000000000000000000000000000000000000000000000000000000000000 \
    --hash=sha256:0000000000000000000000000000000000000000000000000000000000000000 \
    --hash=sha256:0000000000000000000000000000000000000000000000000000000000000000 \
    --hash=sha256:0000000000000000000000000000000000000000000000000000000000000000 \
    --hash=sha256:0000000000000000000000000000000000000000000000000000000000000000 \
    --hash=sha256:0000000000000000000000000000000000000000000000000000000000000000 \
    --hash=sha256:0000000000000000000000000000000000000000000000000000000000000000 \
    --hash=sha256:0000000000000000000000000000000000000000000000000000000000000000 \
    --hash=sha256:0000000000000000000000000000000000000000000000000000000000000000 \
    --hash=sha256:0000000000000000000000000000000000000000000000000000000000000000 \
    --hash=sha256:0000000000000000000000000000000000000000000000000000000000000000 \
    --hash=sha256:0000000000000000000000000000000000000000000000000000000000000000 \
    --hash=sha256:0000000000000000000000000000000000000000000000000000000000000000 \
    --hash=sha256:0000000000000000000000000000000000000000000000000000000000000000 \
    --hash=sha256:0000000000000000000000000000000000000000000000000000000000000000 \
    --hash=sha256:0000000000000000000000000000000000000000000000000000000000000000 \
    --hash=sha256:0000000000000000000000000000000000000000000000000000000000000000 \
    --hash=sha256:0000000000000000000000000000000000000000000000000000000000000000 \
    --hash=sha256:0000000000000000000000000000000000000000000000000000000000000000 \
    --hash=sha256:0000000000000000000000000000000000000000000000000000000000000000 \
    --hash=sha256:0000000000000000000000000000000000000000000000000000000000000000 \
    --hash=sha256:0000000000000000000000000000000000000000000000000000000000000000 \
    --hash=sha256:0000000000000000000000000000000000000000000000000000000000000000 \
    --hash=sha256:0000000000000000000000000000000000000000000000000000000000000000 \
    --hash=sha256:0000000000000000000000000000000000000000000000000000000000000000 \
    --hash=sha256:0000000000000000000000000000000000000000000000000000000000000000 \
    --hash=sha256:0000000000000000000000000000000000000000000000000000000000000000 \
    --hash=sha256:0000000000000000000000000000000000000000000000000000000000000000 \
    --hash=sha256:0000000000000000000000000000000000000000000000000000000000000000 \
    --hash=sha256:0000000000000000000000000000000000000000000000000000000000000000 \
    --hash=sha256:0000000000000000000000000000000000000000000000000000000000000000 \
    --hash=sha256:0000000000000000000000000000000000000000000000000000000000000000 \
    --hash=sha256:0000000000000000000000000000000000000000000000000000000000000000 \
    --hash=sha256:0000000000000000000000000000000000000000000000000000000000000000 \
    --hash=sha256:0000000000000000000000000000000000000000000000000000000000000000 \
    --hash=sha256:0000000000000000000000000000000000000000000000000000000000000000 \
    --hash=sha256:0000000000000000000000000000000000000000000000000000000000000000 \
    --hash=sha256:0000000000000000000000000000000000000000000000000000000000000000 \
    --hash=sha256:0000000000000000000000000000000000000000000000000000000000000000 \
    --hash=sha256:0000000000000000000000000000000000000000000000000000000000000000 \
    --hash=sha256:0000000000000000000000000000000000000000000000000000000000000000 \
    --hash=sha256:0000000000000000000000000000000000000000000000000000000000000000 \
    --hash=sha256:0000000000000000000000000000000000000000000000000000000000000000 \
    --hash=sha256:0000000000000000000000000000000000000000000000000000000000000000 \
    --hash=sha256:0000000000000000000000000000000000000000000000000000000000000000 \
    --hash=sha256:0000000000000000000000000000000000000000000000000000000000000000 \
    --hash=sha256:0000000000000000000000000000000000000000000000000000000000000000 \
    --hash=sha256:0000000000000000000000000000000000000000000000000000000000000000 \
    --hash=sha256:0000000000000000000000000000000000000000000000000000000000000000 \
    --hash=sha256:0000000000000000000000000000000000000000000000000000000000000000 \
    --hash=sha256:0000000000000000000000000000000000000000000000000000000000000000 \
    --hash=sha256:0000000000000000000000000000000000000000000000000000000000000000 \
    --hash=sha256:0000000000000000000000000000000000000000000000000000000000000000 \
    --hash=sha256:0000000000000000000000000000000000000000000000000000000000000000 \
    --hash=sha256:0000000000000000000000000000000000000000000000000000000000000000 \
    --hash=sha256:0000000000000000000000000000000000000000000000000000000000000000 \
    --hash=sha256:0000000000000000000000000000000000000000000000000000000000000000 \
    --hash=sha256:0000000000000000000000000000000000000000000000000000000000000000 \
    --hash=sha256:0000000000000000000000000000000000000000000000000000000000000000 \
    --hash=sha256:0000000000000000000000000000000000000000000000000000000000000000 \
    --hash=sha256:0000000000000000000000000000000000000000000000000000000000000000 \
    --hash=sha256:0000000000000000000000000000000000000000000000000000000000000000 \
    --hash=sha256:0000000000000000000000000000000000000000000000000000000000000000 \
    --hash=sha256:0000000000000000000000000000000000000000000000000000000000000000 \
    --hash=sha256:0000000000000000000000000000000000000000000000000000000000000000 \
    --hash=sha256:0000000000000000000000000000000000000000000000000000000000000000 \
    --hash=sha256:0000000000000000000000000000000000000000000000000000000000000000 \
    --hash=sha256:0000000000000000000000000000000000000000000000000000000000000000 \
    --hash=sha256:0000000000000000000000000000000000000000000000000000000000000000 \
    --hash=sha256:0000000000000000000000000000000000000000000000000000000000000000 \
    --hash=sha256:0000000000000000000000000000000000000000000000000000000000000000 \
    --hash=sha256:0000000000000000000000000000000000000000000000000000000000000000 \
    --hash=sha256:0000000000000000000000000000000000000000000000000000000000000000 \
    --hash=sha256:0000000000000000000000000000000000000000000000000000000000000000 \
    --hash=sha256:0000000000000000000000000000000000000000000000000000000000000000 \
    --hash=sha256:0000000000000000000000000000000000000000000000000000000000000000 \
    --hash=sha256:0000000000000000000000000000000000000000000000000000000000000000 \
    --hash=sha256:0000000000000000000000000000000000000000000000000000000000000000 \
    --hash=sha256:0000000000000000000000000000000000000000000000000000000000000000 \
    --hash=sha256:0000000000000000000000000000000000000000000000000000000000000000 \
    --hash=sha256:0000000000000000000000000000000000000000000000000000000000000000 \
    --hash=sha256:0000000000000000000000000000000000000000000000000000000000000000 \
    --hash=sha256:0000000000000000000000000000000000000000000000000000000000000000 \
    --hash=sha256:0000000000000000000000000000000000000000000000000000000000000000 \
    --hash=sha256:0000000000000000000000000000000000000000000000000000000000000000 \
    --hash=sha256:0000000000000000000000000000000000000000000000000000000000000000 \
    --hash=sha256:0000000000000000000000000000000000000000000000000000000000000000 \
    --hash=sha256:0000000000000000000000000000000000000000000000000000000000000000 \
    --hash=sha256:0000000000000000000000000000000000000000000000000000000000000000 \
    --hash=sha256:0000000000000000000000000000000000000000000000000000000000000000 \
    --hash=sha256:0000000000000000000000000000000000000000000000000000000000000000 \
    --hash=sha256:0000000000000000000000000000000000000000000000000000000000000000 \
    --hash=sha256:0000000000000000000000000000000000000000000000000000000000000000 \
    --hash=sha256:0000000000000000000000000000000000000000000000000000000000000000 \
    --hash=sha256:0000000000000000000000000000000000000000000000000000000000000000 \
    --hash=sha256:0000000000000000000000000000000000000000000000000000000000000000 \
    --hash=sha256:0000000000000000000000000000000000000000000000000000000000000000 \
    --hash=sha256:0000000000000000000000000000000000000000000000000000000000000000 \
    --hash=sha256:0000000000000000000000000000000000000000000000000000000000000000 \
    --hash=sha256:0000000000000000000000000000000000000000000000000000000000000000 \
    --hash=sha256:0000000000000000000000000000000000000000000000000000000000000000 \
    --hash=sha256:0000000000000000000000000000000000000000000000000000000000000000 \
    --hash=sha256:0000000000000000000000000000000000000000000000000000000000000000 \
    --hash=sha256:0000000000000000000000000000000000000000000000000000000000000000 \
    --hash=sha256:0000000000000000000000000000000000000000000000000000000000000000 \
    --hash=sha256:0000000000000000000000000000000000000000000000000000000000000000 \
    --hash=sha256:0000000000000000000000000000000000000000000000000000000000000000 \
    --hash=sha256:0000000000000000000000000000000000000000000000000000000000000000 \
    --hash=sha256:0000000000000000000000000000000000000000000000000000000000000000 \
    --hash=sha256:0000000000000000000000000000000000000000000000000000000000000000 \
    --hash=sha256:0000000000000000000000000000000000000000000000000000000000000000 \
    --hash=sha256:0000000000000000000000000000000000000000000000000000000000000000 \
    --hash=sha256:0000000000000000000000000000000000000000000000000000000000000000 \
    --hash=sha256:0000000000000000000000000000000000000000000000000000000000000000 \
    --hash=sha256:0000000000000000000000000000000000000000000000000000000000000000 \
    --hash=sha256:0000000000000000000000000000000000000000000000000000000000000000 \
    --hash=sha256:0000000000000000000000000000000000000000000000000000000000000000
    # via pydantic
sqlalchemy==2.1.1 \
    --hash=sha256:0000000000000000000000000000000000000000000000000000000000000000 \
    --hash=sha256:0000000000000000000000000000000000000000000000000000000000000000 \
    --hash=sha256:0000000000000000000000000000000000000000000000000000000000000000 \
    --hash=sha256:0000000000000000000000000000000000000000000000000000000000000000 \
    --hash=sha256:0000000000000000000000000000000000000000000000000000000000000000 \
    --hash=sha256:0000000000000000000000000000000000000000000000000000000000000000 \
    --hash=sha256:0000000000000000000000000000000000000000000000000000000000000000 \
    --hash=sha256:0000000000000000000000000000000000000000000000000000000000000000 \
    --hash=sha256:0000000000000000000000000000000000000000000000000000000000000000 \
    --hash=sha256:0000000000000000000000000000000000000000000000000000000000000000 \
    --hash=sha256:0000000000000000000000000000000000000000000000000000000000000000 \
    --hash=sha256:0000000000000000000000000000000000000000000000000000000000000000 \
    --hash=sha256:0000000000000000000000000000000000000000000000000000000000000000 \
    --hash=sha256:0000000000000000000000000000000000000000000000000000000000000000 \
    --hash=sha256:0000000000000000000000000000000000000000000000000000000000000000 \
    --hash=sha256:0000000000000000000000000000000000000000000000000000000000000000 \
    --hash=sha256:0000000000000000000000000000000000000000000000000000000000000000 \
    --hash=sha256:0000000000000000000000000000000000000000000000000000000000000000 \
    --hash=sha256:0000000000000000000000000000000000000000000000000000000000000000 \
    --hash=sha256:0000000000000000000000000000000000000000000000000000000000000000 \
    --hash=sha256:0000000000000000000000000000000000000000000000000000000000000000 \
    --hash=sha256:0000000000000000000000000000000000000000000000000000000000000000 \
    --hash=sha256:0000000000000000000000000000000000000000000000000000000000000000 \
    --hash=sha256:0000000000000000000000000000000000000000000000000000000000000000 \
    --hash=sha256:0000000000000000000000000000000000000000000000000000000000000000 \
    --hash=sha256:0000000000000000000000000000000000000000000000000000000000000000 \
    --hash=sha256:0000000000000000000000000000000000000000000000000000000000000000 \
    --hash=sha256:0000000000000000000000000000000000000000000000000000000000000000 \
    --hash=sha256:0000000000000000000000000000000000000000000000000000000000000000 \
    --hash=sha256:0000000000000000000000000000000000000000000000000000000000000000 \
    --hash=sha256:0000000000000000000000000000000000000000000000000000000000000000 \
    --hash=sha256:0000000000000000000000000000000000000000000000000000000000000000 \
    --hash=sha256:0000000000000000000000000000000000000000000000000000000000000000 \
    --hash=sha256:0000000000000000000000000000000000000000000000000000000000000000 \
    --hash=sha256:0000000000000000000000000000000000000000000000000000000000000000 \
    --hash=sha256:0000000000000000000000000000000000000000000000000000000000000000 \
    --hash=sha256:0000000000000000000000000000000000000000000000000000000000000000 \
    --hash=sha256:0000000000000000000000000000000000000000000000000000000000000000 \
    --hash=sha256:0000000000000000000000000000000000000000000000000000000000000000 \
    --hash=sha256:0000000000000000000000000000000000000000000000000000000000000000 \
    --hash=sha256:0000000000000000000000000000000000000000000000000000000000000000 \
    --hash=sha256:0000000000000000000000000000000000000000000000000000000000000000 \
    --hash=sha256:0000000000000000000000000000000000000000000000000000000000000000 \
    --hash=sha256:0000000000000000000000000000000000000000000000000000000000000000 \
    --hash=sha256:0000000000000000000000000000000000000000000000000000000000000000 \
    --hash=sha256:0000000000000000000000000000000000000000000000000000000000000000 \
    --hash=sha256:0000000000000000000000000000000000000000000000000000000000000000 \
    --hash=sha256:0000000000000000000000000000000000000000000000000000000000000000 \
    --hash=sha256:0000000000000000000000000000000000000000000000000000000000000000 \
    --hash=sha256:0000000000000000000000000000000000000000000000000000000000000000 \
    --hash=sha256:0000000000000000000000000000000000000000000000000000000000000000 \
    --hash=sha256:0000000000000000000000000000000000000000000000000000000000000000 \
    --hash=sha256:0000000000000000000000000000000000000000000000000000000000000000 \
    --hash=sha256:0000000000000000000000000000000000000000000000000000000000000000 \
    --hash=sha256:0000000000000000000000000000000000000000000000000000000000000000 \
    --hash=sha256:0000000000000000000000000000000000000000000000000000000000000000 \
    --hash=sha256:0000000000000000000000000000000000000000000000000000000000000000 \
    --hash=sha256:0000000000000000000000000000000000000000000000000000000000000000 \
    --hash=sha256:0000000000000000000000000000000000000000000000000000000000000000 \
    --hash=sha256:0000000000000000000000000000000000000000000000000000000000000000 \
    --hash=sha256:0000000000000000000000000000000000000000000000000000000000000000 \
    --hash=sha256:0000000000000000000000000000000000000000000000000000000000000000 \
    --hash=sha256:0000000000000000000000000000000000000000000000000000000000000000 \
    --hash=sha256:0000000000000000000000000000000000000000000000000000000000000000 \
    --hash=sha256:0000000000000000000000000000000000000000000000000000000000000000 \
    --hash=sha256:0000000000000000000000000000000000000000000000000000000000000000 \
    --hash=sha256:0000000000000000000000000000000000000000000000000000000000000000 \
    --hash=sha256:0000000000000000000000000000000000000000000000000000000000000000 \
    --hash=sha256:0000000000000000000000000000000000000000000000000000000000000000 \
    --hash=sha256:0000000000000000000000000000000000000000000000000000000000000000 \
    --hash=sha256:0000000000000000000000000000000000000000000000000000000000000000 \
    --hash=sha256:0000000000000000000000000000000000000000000000000000000000000000
    # via
    #   -r requirements.txt
    #   alembic
starlette==1.7.0 \
    --hash=sha256:0000000000000000000000000000000000000000000000000000000000000000 \
    --hash=sha256:0000000000000000000000000000000000000000000000000000000000000000
    # via fastapi
typing-extensions==4.16.0 \
    --hash=sha256:0000000000000000000000000000000000000000000000000000000000000000 \
    --hash=sha256:0000000000000000000000000000000000000000000000000000000000000000
    # via
    #   alembic
    #   anyio
    #   fastapi
    #   opentelemetry-api
    #   psycopg
    #   pydantic
    #   pydantic-core
    #   sqlalchemy
    #   starlette
    #   typing-inspection
typing-inspection==0.4.4 \
    --hash=sha256:0000000000000000000000000000000000000000000000000000000000000000 \
    --hash=sha256:0000000000000000000000000000000000000000000000000000000000000000
    # via
    #   fastapi
    #   pydantic
uvicorn==0.54.0 \
    --hash=sha256:0000000000000000000000000000000000000000000000000000000000000000 \
    --hash=sha256:0000000000000000000000000000000000000000000000000000000000000000
    # via -r requirements.txt
